
Microsoft Visual Studio Solution File, Format Version 12.00
# Visual Studio Version 17
VisualStudioVersion = 17.14.36717.8 d17.14
MinimumVisualStudioVersion = 10.0.40219.1
Project("{888888A0-9F3D-457C-B088-3A5042F75D52}") = "mp3_player", "mp3_player\mp3_player.pyproj", "{319A73A2-4D05-487C-B6EA-C29E9C21ED09}"
EndProject
Global
	GlobalSection(SolutionConfigurationPlatforms) = preSolution
		Debug|Any CPU = Debug|Any CPU
		Release|Any CPU = Release|Any CPU
	EndGlobalSection
	GlobalSection(ProjectConfigurationPlatforms) = postSolution
		{319A73A2-4D05-487C-B6EA-C29E9C21ED09}.Debug|Any CPU.ActiveCfg = Debug|Any CPU
		{319A73A2-4D05-487C-B6EA-C29E9C21ED09}.Release|Any CPU.ActiveCfg = Release|Any CPU
	EndGlobalSection
	GlobalSection(SolutionProperties) = preSolution
		HideSolutionNode = FALSE
	EndGlobalSection
	GlobalSection(ExtensibilityGlobals) = postSolution
		SolutionGuid = {2E75DD02-9EFC-426A-950E-6ECE44E137D4}
	EndGlobalSection
EndGlobal
